
Microsoft Visual Studio Solution File, Format Version 12.00
# Visual Studio Version 16
VisualStudioVersion = 16.0.32002.261
MinimumVisualStudioVersion = 10.0.40219.1
Project("{FAE04EC0-301F-11D3-BF4B-00C04F79EFBC}") = "UrbanPlanner", "UrbanPlanner\UrbanPlanner.csproj", "{86AEDE02-22BD-4CE3-910E-C46F5D85E87E}"
EndProject
Global
	GlobalSection(SolutionConfigurationPlatforms) = preSolution
		Debug|Any CPU = Debug|Any CPU
		Release|Any CPU = Release|Any CPU
	EndGlobalSection
	GlobalSection(ProjectConfigurationPlatforms) = postSolution
		{86AEDE02-22BD-4CE3-910E-C46F5D85E87E}.Debug|Any CPU.ActiveCfg = Debug|Any CPU
		{86AEDE02-22BD-4CE3-910E-C46F5D85E87E}.Debug|Any CPU.Build.0 = Debug|Any CPU
		{86AEDE02-22BD-4CE3-910E-C46F5D85E87E}.Release|Any CPU.ActiveCfg = Release|Any CPU
		{86AEDE02-22BD-4CE3-910E-C46F5D85E87E}.Release|Any CPU.Build.0 = Release|Any CPU
	EndGlobalSection
	GlobalSection(SolutionProperties) = preSolution
		HideSolutionNode = FALSE
	EndGlobalSection
	GlobalSection(ExtensibilityGlobals) = postSolution
		SolutionGuid = {21E55D75-F915-4D19-8265-3C45E5D064F9}
	EndGlobalSection
EndGlobal
